
Microsoft Visual Studio Solution File, Format Version 12.00
# Visual Studio Version 16
VisualStudioVersion = 16.0.30128.74
MinimumVisualStudioVersion = 10.0.40219.1
Project("{9A19103F-16F7-4668-BE54-9A1E7A4F7556}") = "Threax.DockerBuild", "Threax.DockerBuild\Threax.DockerBuild.csproj", "{0D8E871A-DD8A-42DC-9B7E-63F649231738}"
EndProject
Project("{FAE04EC0-301F-11D3-BF4B-00C04F79EFBC}") = "Threax.DockerBuildConfig", "Threax.DockerBuildConfig\Threax.DockerBuildConfig.csproj", "{A88C78F1-F01E-4DD4-949E-5D9F9704A16C}"
EndProject
Global
	GlobalSection(SolutionConfigurationPlatforms) = preSolution
		Debug|Any CPU = Debug|Any CPU
		Release|Any CPU = Release|Any CPU
	EndGlobalSection
	GlobalSection(ProjectConfigurationPlatforms) = postSolution
		{0D8E871A-DD8A-42DC-9B7E-63F649231738}.Debug|Any CPU.ActiveCfg = Debug|Any CPU
		{0D8E871A-DD8A-42DC-9B7E-63F649231738}.Debug|Any CPU.Build.0 = Debug|Any CPU
		{0D8E871A-DD8A-42DC-9B7E-63F649231738}.Release|Any CPU.ActiveCfg = Release|Any CPU
		{0D8E871A-DD8A-42DC-9B7E-63F649231738}.Release|Any CPU.Build.0 = Release|Any CPU
		{A88C78F1-F01E-4DD4-949E-5D9F9704A16C}.Debug|Any CPU.ActiveCfg = Debug|Any CPU
		{A88C78F1-F01E-4DD4-949E-5D9F9704A16C}.Debug|Any CPU.Build.0 = Debug|Any CPU
		{A88C78F1-F01E-4DD4-949E-5D9F9704A16C}.Release|Any CPU.ActiveCfg = Release|Any CPU
		{A88C78F1-F01E-4DD4-949E-5D9F9704A16C}.Release|Any CPU.Build.0 = Release|Any CPU
	EndGlobalSection
	GlobalSection(SolutionProperties) = preSolution
		HideSolutionNode = FALSE
	EndGlobalSection
	GlobalSection(ExtensibilityGlobals) = postSolution
		SolutionGuid = {915F7102-DE5D-48C0-A30A-8FEFD6D0E8F2}
	EndGlobalSection
EndGlobal
